
Microsoft Visual Studio Solution File, Format Version 12.00
# Visual Studio Version 17
VisualStudioVersion = 17.8.34525.116
MinimumVisualStudioVersion = 10.0.40219.1
Project("{FAE04EC0-301F-11D3-BF4B-00C04F79EFBC}") = "MyAI", "MyAI\MyAI.csproj", "{D9635C7A-0DD6-4D5B-A049-6C4C06EF8AAD}"
EndProject
Global
	GlobalSection(SolutionConfigurationPlatforms) = preSolution
		Debug|Any CPU = Debug|Any CPU
		Release|Any CPU = Release|Any CPU
	EndGlobalSection
	GlobalSection(ProjectConfigurationPlatforms) = postSolution
		{D9635C7A-0DD6-4D5B-A049-6C4C06EF8AAD}.Debug|Any CPU.ActiveCfg = Debug|Any CPU
		{D9635C7A-0DD6-4D5B-A049-6C4C06EF8AAD}.Debug|Any CPU.Build.0 = Debug|Any CPU
		{D9635C7A-0DD6-4D5B-A049-6C4C06EF8AAD}.Release|Any CPU.ActiveCfg = Release|Any CPU
		{D9635C7A-0DD6-4D5B-A049-6C4C06EF8AAD}.Release|Any CPU.Build.0 = Release|Any CPU
	EndGlobalSection
	GlobalSection(SolutionProperties) = preSolution
		HideSolutionNode = FALSE
	EndGlobalSection
	GlobalSection(ExtensibilityGlobals) = postSolution
		SolutionGuid = {F271686B-2108-4BDC-805C-2DC73ED5ACFE}
	EndGlobalSection
EndGlobal
